<Solution>
  <Folder Name="/src/">
    <Project Path="src/DeveMobileLPR.Core/DeveMobileLPR.Core.csproj" />
    <Project Path="src/DeveMobileLPR.Inference/DeveMobileLPR.Inference.csproj" />
    <Project Path="src/DeveMobileLPR.Application/DeveMobileLPR.Application.csproj" />
    <Project Path="src/DeveMobileLPR.Storage/DeveMobileLPR.Storage.csproj" />
    <Project Path="src/DeveMobileLPR.Video.Windows/DeveMobileLPR.Video.Windows.csproj" />
    <Project Path="src/DeveMobileLPR.RdwDownloader/DeveMobileLPR.RdwDownloader.csproj" />
    <Project Path="src/DeveMobileLPR.App/DeveMobileLPR.App.csproj" />
  </Folder>
  <Folder Name="/tests/">
    <Project Path="tests/DeveMobileLPR.Core.Tests/DeveMobileLPR.Core.Tests.csproj" />
    <Project Path="tests/DeveMobileLPR.EndToEnd.Tests/DeveMobileLPR.EndToEnd.Tests.csproj" />
    <Project Path="tests/DeveMobileLPR.Inference.Tests/DeveMobileLPR.Inference.Tests.csproj" />
    <Project Path="tests/DeveMobileLPR.Application.Tests/DeveMobileLPR.Application.Tests.csproj" />
    <Project Path="tests/DeveMobileLPR.Storage.Tests/DeveMobileLPR.Storage.Tests.csproj" />
    <Project Path="tests/DeveMobileLPR.RdwDownloader.Tests/DeveMobileLPR.RdwDownloader.Tests.csproj" />
  </Folder>
</Solution>
