{
  "version": 2,
  "dependencies": {
    "net10.0-android36.0": {
      "Microsoft.NET.ILLink.Tasks": {
        "type": "Direct",
        "requested": "[10.0.10, )",
        "resolved": "10.0.10",
        "contentHash": "f5VCIE7AJpd5YvzNTeMGVzQIgyE9tX+AreTYwQF+REbu+DZo/2Ae+jNSwhPEYrVz6RRkd7y8ubXjk6Nn6Ka+Cg=="
      },
      "Xamarin.AndroidX.AppCompat": {
        "type": "Direct",
        "requested": "[1.7.1.4, )",
        "resolved": "1.7.1.4",
        "contentHash": "txambMgIFpDjAEpwqk0j1GK+pQdwu3JSxVqu5Zd83RrGSFnHoUZEM4ep+ESD75UARqLWYqhMfxpl5P52O2q6pQ==",
        "dependencies": {
          "Xamarin.AndroidX.Activity": "1.13.0.1",
          "Xamarin.AndroidX.Annotation": "1.10.0.1",
          "Xamarin.AndroidX.AppCompat.AppCompatResources": "[1.7.1.4, 1.7.2)",
          "Xamarin.AndroidX.Collection": "1.6.0.1",
          "Xamarin.AndroidX.Core": "1.19.0.1",
          "Xamarin.AndroidX.Core.Core.Ktx": "1.19.0.1",
          "Xamarin.AndroidX.CursorAdapter": "1.0.0.37",
          "Xamarin.AndroidX.DrawerLayout": "1.2.0.21",
          "Xamarin.AndroidX.Emoji2": "1.6.0.3",
          "Xamarin.AndroidX.Emoji2.ViewsHelper": "1.6.0.3",
          "Xamarin.AndroidX.Fragment": "1.8.9.3",
          "Xamarin.AndroidX.Lifecycle.Runtime": "2.11.0.1",
          "Xamarin.AndroidX.Lifecycle.ViewModel": "2.11.0.1",
          "Xamarin.AndroidX.ProfileInstaller.ProfileInstaller": "1.4.1.8",
          "Xamarin.AndroidX.ResourceInspection.Annotation": "1.0.1.25",
          "Xamarin.AndroidX.SavedState": "1.5.0.1",
          "Xamarin.Kotlin.StdLib": "2.4.0.1"
        }
      },
      "Xamarin.AndroidX.Camera.Camera2": {
        "type": "Direct",
        "requested": "[1.6.1.1, )",
        "resolved": "1.6.1.1",
        "contentHash": "jXmzG53wYxE9RzOsH9wR0rOnF3vd6oger1bcDPhiGPqqt3h3JhwWByWdscotgSiWkgEYylIosPTmp1g7vjpqAg==",
        "dependencies": {
          "Xamarin.AndroidX.Annotation": "1.10.0.1",
          "Xamarin.AndroidX.Annotation.Experimental": "1.6.0.1",
          "Xamarin.AndroidX.Arch.Core.Common": "2.2.0.21",
          "Xamarin.AndroidX.Camera.Camera2.Pipe": "[1.6.1.1, 1.6.2)",
          "Xamarin.AndroidX.Camera.Core": "[1.6.1.1, 1.6.2)",
          "Xamarin.AndroidX.Concurrent.Futures.Ktx": "1.3.0.4",
          "Xamarin.AndroidX.Core": "1.19.0.1",
          "Xamarin.AndroidX.Core.BackportedFixes": "1.0.0.1",
          "Xamarin.AndroidX.Lifecycle.LiveData.Core": "2.11.0.1",
          "Xamarin.Google.Dagger": "2.59.2.2",
          "Xamarin.Google.Guava.ListenableFuture": "1.0.0.32",
          "Xamarin.JSpecify": "1.0.0.7",
          "Xamarin.Kotlin.StdLib": "2.4.0.1",
          "Xamarin.KotlinX.AtomicFU": "0.33.0.1",
          "Xamarin.KotlinX.Coroutines.Android": "1.11.0.1",
          "Xamarin.KotlinX.Coroutines.Core": "1.11.0.1"
        }
      },
      "Xamarin.AndroidX.Camera.Core": {
        "type": "Direct",
        "requested": "[1.6.1.1, )",
        "resolved": "1.6.1.1",
        "contentHash": "SS/2XT1GVxDgCX5gtLcgpSIFRnMm4oZnB+rDzFPVgcn5fWwFS6RcRja7AQsd4JPwr8blZ2+AjYFaG6G0BNjMdw==",
        "dependencies": {
          "Xamarin.AndroidX.Annotation": "1.10.0.1",
          "Xamarin.AndroidX.Annotation.Experimental": "1.6.0.1",
          "Xamarin.AndroidX.Arch.Core.Common": "2.2.0.21",
          "Xamarin.AndroidX.Concurrent.Futures": "1.3.0.4",
          "Xamarin.AndroidX.Concurrent.Futures.Ktx": "1.3.0.4",
          "Xamarin.AndroidX.Core": "1.19.0.1",
          "Xamarin.AndroidX.Core.BackportedFixes": "1.0.0.1",
          "Xamarin.AndroidX.ExifInterface": "1.4.2.3",
          "Xamarin.AndroidX.Lifecycle.Common": "2.11.0.1",
          "Xamarin.AndroidX.Lifecycle.LiveData": "2.11.0.1",
          "Xamarin.AndroidX.Lifecycle.LiveData.Core": "2.11.0.1",
          "Xamarin.AndroidX.Tracing.Tracing": "1.3.0.4",
          "Xamarin.Google.AutoValue.Annotations": "1.11.1.3",
          "Xamarin.Google.Guava.ListenableFuture": "1.0.0.32",
          "Xamarin.JSpecify": "1.0.0.7",
          "Xamarin.Kotlin.StdLib": "2.4.0.1",
          "Xamarin.KotlinX.Coroutines.Android": "1.11.0.1",
          "Xamarin.KotlinX.Coroutines.Core": "1.11.0.1"
        }
      },
      "Xamarin.AndroidX.Camera.Lifecycle": {
        "type": "Direct",
        "requested": "[1.6.1.1, )",
        "resolved": "1.6.1.1",
        "contentHash": "r/k4Vrb91lSAr1wjWTa5LB55uXo/JyKX4FjV0PP30RQ2wmkjoADYeR5IOE3mBdShCIoGPkt69ywqTBOsDg6Mug==",
        "dependencies": {
          "Xamarin.AndroidX.Annotation": "1.10.0.1",
          "Xamarin.AndroidX.Annotation.Experimental": "1.6.0.1",
          "Xamarin.AndroidX.Arch.Core.Common": "2.2.0.21",
          "Xamarin.AndroidX.Camera.Core": "[1.6.1.1, 1.6.2)",
          "Xamarin.AndroidX.Concurrent.Futures.Ktx": "1.3.0.4",
          "Xamarin.AndroidX.Core": "1.19.0.1",
          "Xamarin.AndroidX.Lifecycle.Common": "2.11.0.1",
          "Xamarin.AndroidX.Tracing.Tracing.Ktx": "1.3.0.4",
          "Xamarin.Google.AutoValue.Annotations": "1.11.1.3",
          "Xamarin.Google.Guava.ListenableFuture": "1.0.0.32",
          "Xamarin.JSpecify": "1.0.0.7",
          "Xamarin.Kotlin.StdLib": "2.4.0.1",
          "Xamarin.KotlinX.Coroutines.Android": "1.11.0.1"
        }
      },
      "Xamarin.AndroidX.Camera.View": {
        "type": "Direct",
        "requested": "[1.6.1.1, )",
        "resolved": "1.6.1.1",
        "contentHash": "aZzBcjacDK72S8ktsg43ySgi+1zioptk6NWCELW+HOJ5ZAWa08F+9HkU3AwSe+OvCjV5JmrA1PBmC+faoBa3vA==",
        "dependencies": {
          "Xamarin.AndroidX.Annotation": "1.10.0.1",
          "Xamarin.AndroidX.Annotation.Experimental": "1.6.0.1",
          "Xamarin.AndroidX.AppCompat": "1.7.1.4",
          "Xamarin.AndroidX.Arch.Core.Common": "2.2.0.21",
          "Xamarin.AndroidX.Camera.Core": "[1.6.1.1, 1.6.2)",
          "Xamarin.AndroidX.Camera.Lifecycle": "[1.6.1.1, 1.6.2)",
          "Xamarin.AndroidX.Camera.Video": "[1.6.1.1, 1.6.2)",
          "Xamarin.AndroidX.Camera.Viewfinder.Core": "1.6.1.1",
          "Xamarin.AndroidX.Concurrent.Futures": "1.3.0.4",
          "Xamarin.AndroidX.Core": "1.19.0.1",
          "Xamarin.AndroidX.Fragment": "1.8.9.3",
          "Xamarin.AndroidX.Lifecycle.Common": "2.11.0.1",
          "Xamarin.AndroidX.Lifecycle.LiveData": "2.11.0.1",
          "Xamarin.AndroidX.Lifecycle.LiveData.Core": "2.11.0.1",
          "Xamarin.Google.AutoValue.Annotations": "1.11.1.3",
          "Xamarin.JSpecify": "1.0.0.7",
          "Xamarin.Kotlin.StdLib": "2.4.0.1"
        }
      },
      "Microsoft.Data.Sqlite.Core": {
        "type": "Transitive",
        "resolved": "10.0.10",
        "contentHash": "TPCs0ldm7AWqcKmp6f/Xr+14sat7hx4rHfRlS4RgCURBH2thEWbAKEyX7cCWr63zVJVOJIJZTg2cBiUXa8ys6g==",
        "dependencies": {
          "SQLitePCLRaw.core": "2.1.11"
        }
      },
      "Microsoft.ML.OnnxRuntime.Managed": {
        "type": "Transitive",
        "resolved": "1.24.4",
        "contentHash": "e5jsEo0HcCKDMkuRsMSievKoMv10Odv4MGmxbCin8SEm4Pto1qTpwti47xRwMtk9I/zVvfAiFIWquOq/0+22DA==",
        "dependencies": {
          "System.Numerics.Tensors": "9.0.0"
        }
      },
      "SourceGear.sqlite3": {
        "type": "Transitive",
        "resolved": "3.53.3",
        "contentHash": "PaDT7JwQ00HmXZT1xSGSC0c24A5lVpJYHMrXBuJATdpB2t0nf4Kq9HyPaZhxVW0elPq4XI1s5BLh7qLuObmzFA=="
      },
      "SQLitePCLRaw.config.e_sqlite3": {
        "type": "Transitive",
        "resolved": "3.0.4",
        "contentHash": "W2HMmjAZ1v27fbyzZtONCdC8Ma/tTr5wLAIr4Iq7T4oKrYaI4occJ5TBhSdK4pltwBJLQBG5DcQMz+/w9X4bbg==",
        "dependencies": {
          "SQLitePCLRaw.provider.e_sqlite3": "3.0.4"
        }
      },
      "SQLitePCLRaw.core": {
        "type": "Transitive",
        "resolved": "3.0.4",
        "contentHash": "cOjxfdjE4zQDvDVDUBfucKGXEaYos4l4l+TVwePJEHp/nl9fkgBz/lIVgfMH5dOyKRmNi6RsptUGtZsvsD7iYQ=="
      },
      "SQLitePCLRaw.provider.e_sqlite3": {
        "type": "Transitive",
        "resolved": "3.0.4",
        "contentHash": "L4uiEKeRSXxppkGE4iSpgBgC5lNvw2zEN/hAaxTecUS1+DhC6UEFhHaakSYYvnFq7x16B7DQcaXgXy0SkhSwnw==",
        "dependencies": {
          "SQLitePCLRaw.core": "3.0.4"
        }
      },
      "System.Numerics.Tensors": {
        "type": "Transitive",
        "resolved": "9.0.0",
        "contentHash": "hyJB4UlpAi19Xr9AXzu2NuagKC4lPfHObNMEAA0HmqFz2rX7wKgzeYzO/jM/eBHDhnUGFFEjk5cOoJaxqg5J4A=="
      },
      "Xamarin.AndroidX.Activity": {
        "type": "Transitive",
        "resolved": "1.13.0.1",
        "contentHash": "W2Tvk9UOvP6i/cCJrv0vQyAFzaxejfzSQDvjj9BoHtbM7fCVSXUngHTSaWptRcgUQQJyRNmKmTJ2YipndCZijw==",
        "dependencies": {
          "Xamarin.AndroidX.Annotation": "1.10.0.1",
          "Xamarin.AndroidX.Core.Core.Ktx": "1.19.0.1",
          "Xamarin.AndroidX.Core.ViewTree": "1.0.0.6",
          "Xamarin.AndroidX.Lifecycle.Common": "2.11.0.1",
          "Xamarin.AndroidX.Lifecycle.Runtime": "2.11.0.1",
          "Xamarin.AndroidX.Lifecycle.ViewModel": "2.11.0.1",
          "Xamarin.AndroidX.Lifecycle.ViewModelSavedState": "2.11.0.1",
          "Xamarin.AndroidX.NavigationEvent": "1.1.2.1",
          "Xamarin.AndroidX.ProfileInstaller.ProfileInstaller": "1.4.1.8",
          "Xamarin.AndroidX.SavedState": "1.5.0.1",
          "Xamarin.AndroidX.Tracing.Tracing": "1.3.0.4",
          "Xamarin.Kotlin.StdLib": "2.4.0.1",
          "Xamarin.KotlinX.Coroutines.Core": "1.11.0.1"
        }
      },
      "Xamarin.AndroidX.Annotation": {
        "type": "Transitive",
        "resolved": "1.10.0.1",
        "contentHash": "OFFhDPUvfvyAaYU1s32hkiRt460zLkNxBgW1l2QUZDa2sSAQSGdrdpSZSpeXGXI0r1lgXPLIv8PWNmStIDr+Hw==",
        "dependencies": {
          "Xamarin.AndroidX.Annotation.Jvm": "1.10.0.1",
          "Xamarin.Kotlin.StdLib": "2.4.0.1"
        }
      },
      "Xamarin.AndroidX.Annotation.Experimental": {
        "type": "Transitive",
        "resolved": "1.6.0.1",
        "contentHash": "sZSJtoivC3uBRIZVkRoBeYtpRcs1MxBxRoW9hcHeNwbQO9yPxBBpUsQyztZT4DrUNXvbLVAjA+fS4kvy7rUjbA==",
        "dependencies": {
          "Xamarin.Kotlin.StdLib": "2.4.0.1"
        }
      },
      "Xamarin.AndroidX.Annotation.Jvm": {
        "type": "Transitive",
        "resolved": "1.10.0.1",
        "contentHash": "TwAZDaPB2TYKAfRnrkh59rqrk0KaCKAqkMomZ84WuFJ5elkVzO1ttZjAHY7oD6XkmnaZyOkGhBacxmu4ApTh0g==",
        "dependencies": {
          "Xamarin.Kotlin.StdLib": "2.4.0.1"
        }
      },
      "Xamarin.AndroidX.AppCompat.AppCompatResources": {
        "type": "Transitive",
        "resolved": "1.7.1.4",
        "contentHash": "FMooskcnJ3pU03GtRMVd1Y16ZGahVQ6mgl4msPzWQ2QUoxlie2yPijYQka5k9ssNWjQNsSuEAOfpPz1A3LYsxg==",
        "dependencies": {
          "Xamarin.AndroidX.Annotation": "1.10.0.1",
          "Xamarin.AndroidX.Collection": "1.6.0.1",
          "Xamarin.AndroidX.Core": "1.19.0.1",
          "Xamarin.AndroidX.VectorDrawable": "1.2.0.11",
          "Xamarin.AndroidX.VectorDrawable.Animated": "1.2.0.11"
        }
      },
      "Xamarin.AndroidX.Arch.Core.Common": {
        "type": "Transitive",
        "resolved": "2.2.0.21",
        "contentHash": "K3/VTkAn9aKFPjMQZnMyXwU3jA3hj5RZps/KoQGzGBeg+4KtBpx+aZd8n6bSJQGRg0YF0Viz8bocSoCKfylvtw==",
        "dependencies": {
          "Xamarin.AndroidX.Annotation": "1.10.0.1"
        }
      },
      "Xamarin.AndroidX.Arch.Core.Runtime": {
        "type": "Transitive",
        "resolved": "2.2.0.21",
        "contentHash": "d+xgYu109rmZRpRA3QjdOxHWFwJBndtAudu/XbfeqQR+OTaW7dpFYNAKLK2bGlihQqVszOuVdUdn3crpbZeUGw==",
        "dependencies": {
          "Xamarin.AndroidX.Annotation": "1.10.0.1",
          "Xamarin.AndroidX.Arch.Core.Common": "[2.2.0.21, 2.2.1)"
        }
      },
      "Xamarin.AndroidX.Camera.Camera2.Pipe": {
        "type": "Transitive",
        "resolved": "1.6.1.1",
        "contentHash": "PWIpLgqp2vsL5+6WIBDMXbritUVQMxtDmi8vU2TwgiwTLxiQ7c3U3g76+xL+GDIkeTOfU/JdHMIyv1Vz7fMBcQ==",
        "dependencies": {
          "Xamarin.AndroidX.Annotation": "1.10.0.1",
          "Xamarin.AndroidX.Camera.FeatureCombinationQuery": "1.6.1.1",
          "Xamarin.Google.Dagger": "2.59.2.2",
          "Xamarin.Kotlin.StdLib": "2.4.0.1",
          "Xamarin.KotlinX.AtomicFU": "0.33.0.1",
          "Xamarin.KotlinX.Coroutines.Android": "1.11.0.1"
        }
      },
      "Xamarin.AndroidX.Camera.FeatureCombinationQuery": {
        "type": "Transitive",
        "resolved": "1.6.1.1",
        "contentHash": "4Yq/YV9D5b9Oc6MU1sZXCtG0iNdCv+cw9Hr6cU5BzqKMdnTMxoZ87ADIPU+ihLCbmySVDewE70y/1n2tKLYwuQ==",
        "dependencies": {
          "Xamarin.AndroidX.Annotation": "1.10.0.1",
          "Xamarin.Google.AutoValue.Annotations": "1.11.1.3",
          "Xamarin.JSpecify": "1.0.0.7",
          "Xamarin.Kotlin.StdLib": "2.4.0.1"
        }
      },
      "Xamarin.AndroidX.Camera.Video": {
        "type": "Transitive",
        "resolved": "1.6.1.1",
        "contentHash": "uTPGNChNAns3aAeGyxaxMF92/gynQ3j99D4n3gnjnAZnfwcczxKmRYZLyav8TRe9dv2kwsRymTIQOfdSDZs5Cg==",
        "dependencies": {
          "Xamarin.AndroidX.Annotation": "1.10.0.1",
          "Xamarin.AndroidX.Annotation.Experimental": "1.6.0.1",
          "Xamarin.AndroidX.Arch.Core.Common": "2.2.0.21",
          "Xamarin.AndroidX.Camera.Core": "[1.6.1.1, 1.6.2)",
          "Xamarin.AndroidX.Concurrent.Futures": "1.3.0.4",
          "Xamarin.AndroidX.Concurrent.Futures.Ktx": "1.3.0.4",
          "Xamarin.AndroidX.Core": "1.19.0.1",
          "Xamarin.AndroidX.Media3.Container": "1.10.1.1",
          "Xamarin.AndroidX.Media3.Muxer": "1.10.1.1",
          "Xamarin.Google.AutoValue.Annotations": "1.11.1.3",
          "Xamarin.Google.Guava": "33.6.0.1",
          "Xamarin.JSpecify": "1.0.0.7",
          "Xamarin.Kotlin.StdLib": "2.4.0.1",
          "Xamarin.KotlinX.Coroutines.Android": "1.11.0.1"
        }
      },
      "Xamarin.AndroidX.Camera.Viewfinder.Core": {
        "type": "Transitive",
        "resolved": "1.6.1.1",
        "contentHash": "xPDEivFmrBHTwy1SAzlMu97my3jSjzpe1lXxBvqFTs3z6pvamGZy5NWzemXHCWdKUo6nJnQxHKwJVAZN37zqaA==",
        "dependencies": {
          "Xamarin.AndroidX.Annotation": "1.10.0.1",
          "Xamarin.AndroidX.Core": "1.19.0.1",
          "Xamarin.AndroidX.Tracing.Tracing.Ktx": "1.3.0.4",
          "Xamarin.Google.AutoValue.Annotations": "1.11.1.3",
          "Xamarin.Kotlin.StdLib": "2.4.0.1",
          "Xamarin.KotlinX.AtomicFU": "0.33.0.1",
          "Xamarin.KotlinX.Coroutines.Android": "1.11.0.1",
          "Xamarin.KotlinX.Coroutines.Core": "1.11.0.1"
        }
      },
      "Xamarin.AndroidX.Collection": {
        "type": "Transitive",
        "resolved": "1.6.0.1",
        "contentHash": "2KWXJOSjKTcJRIUrayYj5Kic+UP7TsTCieDBgiyImMhft5cEvdHUJjhseH7WIrKRVkpNoj5PAIlZgRimVSbayA==",
        "dependencies": {
          "Xamarin.AndroidX.Annotation": "1.10.0.1",
          "Xamarin.AndroidX.Collection.Jvm": "1.6.0.1",
          "Xamarin.Kotlin.StdLib": "2.4.0.1"
        }
      },
      "Xamarin.AndroidX.Collection.Jvm": {
        "type": "Transitive",
        "resolved": "1.6.0.1",
        "contentHash": "qmUjU7y9SOuhBwVOVtsJogWE8xuDQIRGN+IQtL+JK4du6BDKrpY4sKSBaPH//+9SAzo+l6V8EgGXd/KhJQM0dg==",
        "dependencies": {
          "Xamarin.AndroidX.Annotation.Jvm": "1.10.0.1",
          "Xamarin.JSpecify": "1.0.0.7",
          "Xamarin.Kotlin.StdLib": "2.4.0.1"
        }
      },
      "Xamarin.AndroidX.Compose.Runtime.Annotation": {
        "type": "Transitive",
        "resolved": "1.11.3.1",
        "contentHash": "IP+ct5uaVhAp0f2Spe62kXgaoGwLuogBeG42q5ta6Nj7mQlHgxetJC5dwauMXjKnT8hwoZthpP4lvagpCZZdnA==",
        "dependencies": {
          "Xamarin.Kotlin.StdLib": "2.4.0.1"
        }
      },
      "Xamarin.AndroidX.Compose.Runtime.Annotation.Android": {
        "type": "Transitive",
        "resolved": "1.11.3.1",
        "contentHash": "NCz5fp215Nj4lE6SQd8EXjJ6vTztoLCa3rtrOYmb39Tlv96NdDNHTR/jl5ARL8+RjcLuwxwL/q1Na1aVPjFDGA==",
        "dependencies": {
          "Xamarin.Kotlin.StdLib": "2.4.0.1"
        }
      },
      "Xamarin.AndroidX.Concurrent.Futures": {
        "type": "Transitive",
        "resolved": "1.3.0.4",
        "contentHash": "KiRIKChlF+ZUSmwF7WsBXl5ACfr/dxaCzk8o3xRqLaUxuY5BFK7mrG1zGahkl1WZFSvXkMIqzA88DShr7EdnXQ==",
        "dependencies": {
          "Xamarin.AndroidX.Annotation": "1.10.0.1",
          "Xamarin.Google.Guava.ListenableFuture": "1.0.0.32",
          "Xamarin.JSpecify": "1.0.0.7"
        }
      },
      "Xamarin.AndroidX.Concurrent.Futures.Ktx": {
        "type": "Transitive",
        "resolved": "1.3.0.4",
        "contentHash": "nIS245hjYxqU0Lf4f7YBqmZLo1AHmfyApfFs97M8kY56rhAu7/PJzngQUC9q9SIflrgXvjqj+C72Qz2RAQZVzg==",
        "dependencies": {
          "Xamarin.AndroidX.Concurrent.Futures": "[1.3.0.4, 1.3.1)",
          "Xamarin.Kotlin.StdLib": "2.4.0.1",
          "Xamarin.KotlinX.Coroutines.Core": "1.11.0.1"
        }
      },
      "Xamarin.AndroidX.Core": {
        "type": "Transitive",
        "resolved": "1.19.0.1",
        "contentHash": "o99imtQhC8lAEzxbvoeh+Tk4Gr2yHOE5LlV0YJK0n561PZlFvQYBSGrM+ZYL3pivXBO2IjAcWZdRGy67DZI0oA==",
        "dependencies": {
          "Xamarin.AndroidX.Annotation": "1.10.0.1",
          "Xamarin.AndroidX.Annotation.Experimental": "1.6.0.1",
          "Xamarin.AndroidX.Collection": "1.6.0.1",
          "Xamarin.AndroidX.Concurrent.Futures": "1.3.0.4",
          "Xamarin.AndroidX.Core.ViewTree": "1.0.0.6",
          "Xamarin.AndroidX.Interpolator": "1.0.0.37",
          "Xamarin.AndroidX.Lifecycle.Common": "2.11.0.1",
          "Xamarin.AndroidX.Lifecycle.Runtime": "2.11.0.1",
          "Xamarin.AndroidX.Tracing.Tracing": "1.3.0.4",
          "Xamarin.AndroidX.VersionedParcelable": "1.2.1.6",
          "Xamarin.Google.Guava.ListenableFuture": "1.0.0.32",
          "Xamarin.JSpecify": "1.0.0.7",
          "Xamarin.Kotlin.StdLib": "2.4.0.1",
          "Xamarin.KotlinX.Coroutines.Core": "1.11.0.1"
        }
      },
      "Xamarin.AndroidX.Core.BackportedFixes": {
        "type": "Transitive",
        "resolved": "1.0.0.1",
        "contentHash": "kkP3nSlVHHdM8JfONuAY8YUGZ6cS6sT+hWuSMsVLBpKIxxzrMzK1yENHwe+/NdcJ8HFBsANULYUIo0inVRBZSg==",
        "dependencies": {
          "Xamarin.AndroidX.Annotation": "1.10.0.1",
          "Xamarin.Kotlin.StdLib": "2.4.0.1"
        }
      },
      "Xamarin.AndroidX.Core.Core.Ktx": {
        "type": "Transitive",
        "resolved": "1.19.0.1",
        "contentHash": "oYMa8qwe+Rs4v3Rs1SXA0UJ3DLyFWJtpjwSeFeh1+jlS+SF1xHbOt9G5zKqz193zPP+mDJkaYmdJpv8ahhAjlA==",
        "dependencies": {
          "Xamarin.AndroidX.Core": "1.19.0.1",
          "Xamarin.Kotlin.StdLib": "2.4.0.1"
        }
      },
      "Xamarin.AndroidX.Core.ViewTree": {
        "type": "Transitive",
        "resolved": "1.0.0.6",
        "contentHash": "BJP0aUy9fLExMVrrjqvzSj5MKU9RFVfT+fxW/5oUrlkmSewDZyfJfHo4MwtmbUDQGDDG+ARpPIABOalhWqYJdA==",
        "dependencies": {
          "Xamarin.Kotlin.StdLib": "2.4.0.1"
        }
      },
      "Xamarin.AndroidX.CursorAdapter": {
        "type": "Transitive",
        "resolved": "1.0.0.37",
        "contentHash": "tZxKuVjw9HwxSSVyhxVw4Hs+YRNHbLwpu+5QpSq6RCjY7NVNoHeLklytntBVuDY2EUKOuR2hSrBRhcgijfrxXg==",
        "dependencies": {
          "Xamarin.AndroidX.Annotation": "1.10.0.1"
        }
      },
      "Xamarin.AndroidX.CustomView": {
        "type": "Transitive",
        "resolved": "1.2.0.4",
        "contentHash": "AuBRKJ1l2NwVze0pnkCflJM2rWortwoQ3Vz3ZUniYYEfVInDyQVRkNxwlDJqnxCxg/MPYK+120dV/fEQDGOOHg==",
        "dependencies": {
          "Xamarin.AndroidX.Annotation": "1.10.0.1",
          "Xamarin.AndroidX.Collection": "1.6.0.1",
          "Xamarin.AndroidX.Core": "1.19.0.1",
          "Xamarin.JSpecify": "1.0.0.7"
        }
      },
      "Xamarin.AndroidX.DrawerLayout": {
        "type": "Transitive",
        "resolved": "1.2.0.21",
        "contentHash": "BIvdnKMHI6JFPpApPBjL5/inu/L0wU88bKMDZOE+fnIAob0Qz4ZxyynSJJkC8D2dw2mVITYcAJxXK7zPkas3rg==",
        "dependencies": {
          "Xamarin.AndroidX.Annotation": "1.10.0.1",
          "Xamarin.AndroidX.Core": "1.19.0.1",
          "Xamarin.AndroidX.CustomView": "1.2.0.4"
        }
      },
      "Xamarin.AndroidX.Emoji2": {
        "type": "Transitive",
        "resolved": "1.6.0.3",
        "contentHash": "Pb603fbsfvfqbLHrFyn0deReLxb4gJMzBnSXRuuJrh2VL9TcOeNQ7WgpLa0QGJ0Z+3b6iuQhfnd6vNZ7fvYg5w==",
        "dependencies": {
          "Xamarin.AndroidX.Annotation": "1.10.0.1",
          "Xamarin.AndroidX.Collection": "1.6.0.1",
          "Xamarin.AndroidX.Core": "1.19.0.1",
          "Xamarin.AndroidX.Lifecycle.Process": "2.11.0.1",
          "Xamarin.AndroidX.Startup.StartupRuntime": "1.2.0.8",
          "Xamarin.JSpecify": "1.0.0.7"
        }
      },
      "Xamarin.AndroidX.Emoji2.ViewsHelper": {
        "type": "Transitive",
        "resolved": "1.6.0.3",
        "contentHash": "gVKEntE5UctFDeszUM+/+JVyqiyNkVyRyKXlf27/qUjPV5BzTVCx2JG2xL5C5hYNDQ+XiqKMEA35P+q9hZD+MQ==",
        "dependencies": {
          "Xamarin.AndroidX.Collection": "1.6.0.1",
          "Xamarin.AndroidX.Core": "1.19.0.1",
          "Xamarin.AndroidX.Emoji2": "[1.6.0.3, 1.6.1)",
          "Xamarin.JSpecify": "1.0.0.7"
        }
      },
      "Xamarin.AndroidX.ExifInterface": {
        "type": "Transitive",
        "resolved": "1.4.2.3",
        "contentHash": "OkfEbH6yZ0b4S4vJMduFwj4YEDFzqkSc4hMkDWRhSnK76UrJM+N72MzQM3+pVBN5gNyOiKIZHZYLxEKXb0KagQ==",
        "dependencies": {
          "Xamarin.AndroidX.Annotation": "1.10.0.1",
          "Xamarin.JSpecify": "1.0.0.7"
        }
      },
      "Xamarin.AndroidX.Fragment": {
        "type": "Transitive",
        "resolved": "1.8.9.3",
        "contentHash": "PJ4Cz/w2kDMiS2Jb74qQVFFYspE6aySP46v8CnBXTSL5GdvQ18LR/MvpOvHVqy6owXh+MhOFhQYcumQHqqPRIA==",
        "dependencies": {
          "Xamarin.AndroidX.Activity": "1.13.0.1",
          "Xamarin.AndroidX.Annotation": "1.10.0.1",
          "Xamarin.AndroidX.Annotation.Experimental": "1.6.0.1",
          "Xamarin.AndroidX.Collection": "1.6.0.1",
          "Xamarin.AndroidX.Core.Core.Ktx": "1.19.0.1",
          "Xamarin.AndroidX.Lifecycle.LiveData.Core": "2.11.0.1",
          "Xamarin.AndroidX.Lifecycle.Runtime": "2.11.0.1",
          "Xamarin.AndroidX.Lifecycle.ViewModel": "2.11.0.1",
          "Xamarin.AndroidX.Lifecycle.ViewModelSavedState": "2.11.0.1",
          "Xamarin.AndroidX.Loader": "1.1.0.37",
          "Xamarin.AndroidX.ProfileInstaller.ProfileInstaller": "1.4.1.8",
          "Xamarin.AndroidX.SavedState": "1.5.0.1",
          "Xamarin.AndroidX.ViewPager": "1.1.0.7",
          "Xamarin.Kotlin.StdLib": "2.4.0.1"
        }
      },
      "Xamarin.AndroidX.Interpolator": {
        "type": "Transitive",
        "resolved": "1.0.0.37",
        "contentHash": "uBGc0kgh8v/SDiSWanClynPGz7sa6pQzkGgISn87MsiUqS8wtYlB+4HmXh7kEE449spgwPTf3ziEIEq/uJd99g==",
        "dependencies": {
          "Xamarin.AndroidX.Annotation": "1.10.0.1"
        }
      },
      "Xamarin.AndroidX.Lifecycle.Common": {
        "type": "Transitive",
        "resolved": "2.11.0.1",
        "contentHash": "fCKqf0sAnuA0J4AqusRBWfMSoLQPEt9uDNTB9X2ZM2oed1JKyt8ipdOTvX46pes2HsyCT+0etu4oaJh4Agcdvw==",
        "dependencies": {
          "Xamarin.AndroidX.Annotation": "1.10.0.1",
          "Xamarin.AndroidX.Lifecycle.Common.Jvm": "2.11.0.1",
          "Xamarin.Kotlin.StdLib": "2.4.0.1",
          "Xamarin.KotlinX.Coroutines.Core": "1.11.0.1"
        }
      },
      "Xamarin.AndroidX.Lifecycle.Common.Jvm": {
        "type": "Transitive",
        "resolved": "2.11.0.1",
        "contentHash": "wnp6hF14kO3zO9LFdH1SJJMIY6Vm0kIY+/goCRbtLMuF2/ZLnAW4SHGPqNrB467+YAVjNCNkc+CxLWP2ER7EIg==",
        "dependencies": {
          "Xamarin.AndroidX.Annotation.Jvm": "1.10.0.1",
          "Xamarin.JSpecify": "1.0.0.7",
          "Xamarin.Kotlin.StdLib": "2.4.0.1",
          "Xamarin.KotlinX.Coroutines.Core": "1.11.0.1"
        }
      },
      "Xamarin.AndroidX.Lifecycle.LiveData": {
        "type": "Transitive",
        "resolved": "2.11.0.1",
        "contentHash": "gvZr8/vTBP4A+P634ihLUO7MDDgvwicn/BQS+OfZppdsnC8Eyz8l905QutC7oDZhBTihZCxonFRnxerddWFq7w==",
        "dependencies": {
          "Xamarin.AndroidX.Arch.Core.Common": "2.2.0.21",
          "Xamarin.AndroidX.Arch.Core.Runtime": "2.2.0.21",
          "Xamarin.AndroidX.Lifecycle.LiveData.Core": "[2.11.0.1, 2.11.1)",
          "Xamarin.AndroidX.Lifecycle.LiveData.Core.Ktx": "[2.11.0.1, 2.11.1)",
          "Xamarin.JSpecify": "1.0.0.7",
          "Xamarin.Kotlin.StdLib": "2.4.0.1",
          "Xamarin.KotlinX.Coroutines.Core": "1.11.0.1"
        }
      },
      "Xamarin.AndroidX.Lifecycle.LiveData.Core": {
        "type": "Transitive",
        "resolved": "2.11.0.1",
        "contentHash": "oPRlEve2Cnngh15/6OoEzVE3mwYSo9XAfuphB37ya54+mxSrINO/deTuIR7zgwjG5iTUYKDAHlya848h1/VSug==",
        "dependencies": {
          "Xamarin.AndroidX.Arch.Core.Common": "2.2.0.21",
          "Xamarin.AndroidX.Arch.Core.Runtime": "2.2.0.21",
          "Xamarin.AndroidX.Lifecycle.Common": "[2.11.0.1, 2.11.1)",
          "Xamarin.JSpecify": "1.0.0.7",
          "Xamarin.Kotlin.StdLib": "2.4.0.1"
        }
      },
      "Xamarin.AndroidX.Lifecycle.LiveData.Core.Ktx": {
        "type": "Transitive",
        "resolved": "2.11.0.1",
        "contentHash": "Pwfym46gRvOiDR24WEk2aA8CmKLJnX4o4GfFjH5hQDj35MvUSBOvOl8oSn2WVsz1/v5WqppjlvQyyd8ciQdoBQ==",
        "dependencies": {
          "Xamarin.AndroidX.Lifecycle.LiveData.Core": "[2.11.0.1, 2.11.1)",
          "Xamarin.Kotlin.StdLib": "2.4.0.1"
        }
      },
      "Xamarin.AndroidX.Lifecycle.Process": {
        "type": "Transitive",
        "resolved": "2.11.0.1",
        "contentHash": "vQbEwTh0oOhmGgJUx6zobjLl6ZEvFfEL9ZTsmQAovOdtvJvrQb/9bAqTxRgO81pOP8b3ZFiwISl5b1yd2hkKXw==",
        "dependencies": {
          "Xamarin.AndroidX.Annotation": "1.10.0.1",
          "Xamarin.AndroidX.Lifecycle.Runtime": "[2.11.0.1, 2.11.1)",
          "Xamarin.AndroidX.Startup.StartupRuntime": "1.2.0.8",
          "Xamarin.Kotlin.StdLib": "2.4.0.1"
        }
      },
      "Xamarin.AndroidX.Lifecycle.Runtime": {
        "type": "Transitive",
        "resolved": "2.11.0.1",
        "contentHash": "Xb/G30kVZVClyHiylVzxG+5Rhce9Zk4BBo1qNzrh8vGztLVg8c1dof1zodB3DOaCE/Kz08xe+azYdeuzgvKwmw==",
        "dependencies": {
          "Xamarin.AndroidX.Annotation": "1.10.0.1",
          "Xamarin.AndroidX.Arch.Core.Common": "2.2.0.21",
          "Xamarin.AndroidX.Collection": "1.6.0.1",
          "Xamarin.AndroidX.Lifecycle.Common": "[2.11.0.1, 2.11.1)",
          "Xamarin.AndroidX.Lifecycle.Runtime.Android": "2.11.0.1",
          "Xamarin.Kotlin.StdLib": "2.4.0.1"
        }
      },
      "Xamarin.AndroidX.Lifecycle.Runtime.Android": {
        "type": "Transitive",
        "resolved": "2.11.0.1",
        "contentHash": "XdoCaH+dVCnr5ya24MIgasaMyZV2mnUg812Ns+WO2gocOOtSjIxYzbXqihkFTaDUlWk0A+OFRIXTKYZ3ec6Viw==",
        "dependencies": {
          "Xamarin.AndroidX.Annotation.Jvm": "1.10.0.1",
          "Xamarin.AndroidX.Arch.Core.Common": "2.2.0.21",
          "Xamarin.AndroidX.Arch.Core.Runtime": "2.2.0.21",
          "Xamarin.AndroidX.Collection.Jvm": "1.6.0.1",
          "Xamarin.AndroidX.Core.ViewTree": "1.0.0.6",
          "Xamarin.AndroidX.Lifecycle.Common.Jvm": "[2.11.0.1, 2.11.1)",
          "Xamarin.AndroidX.ProfileInstaller.ProfileInstaller": "1.4.1.8",
          "Xamarin.JSpecify": "1.0.0.7",
          "Xamarin.Kotlin.StdLib": "2.4.0.1",
          "Xamarin.KotlinX.Coroutines.Android": "1.11.0.1"
        }
      },
      "Xamarin.AndroidX.Lifecycle.ViewModel": {
        "type": "Transitive",
        "resolved": "2.11.0.1",
        "contentHash": "XhweDAL6Gehaep9XhmrJCC5y4xNsHAR1+yWcvjreRnLWbSFVc8+qcBRI6emvYC6pzb0y2XjhFaFYEbgmJi3cNA==",
        "dependencies": {
          "Xamarin.AndroidX.Annotation": "1.10.0.1",
          "Xamarin.AndroidX.Collection": "1.6.0.1",
          "Xamarin.AndroidX.Lifecycle.ViewModel.Android": "2.11.0.1",
          "Xamarin.Kotlin.StdLib": "2.4.0.1",
          "Xamarin.KotlinX.AtomicFU": "0.33.0.1",
          "Xamarin.KotlinX.Coroutines.Core": "1.11.0.1"
        }
      },
      "Xamarin.AndroidX.Lifecycle.ViewModel.Android": {
        "type": "Transitive",
        "resolved": "2.11.0.1",
        "contentHash": "Yy0/eissXgeHSeyL6x4qeB4XbUy6H007c4xHMtpCP2ujhV7smebva2RbwMB4ikTAON/C715amv1mVfVeo3/JEA==",
        "dependencies": {
          "Xamarin.AndroidX.Annotation.Jvm": "1.10.0.1",
          "Xamarin.AndroidX.Collection.Jvm": "1.6.0.1",
          "Xamarin.AndroidX.Core.ViewTree": "1.0.0.6",
          "Xamarin.Kotlin.StdLib": "2.4.0.1",
          "Xamarin.KotlinX.Coroutines.Android": "1.11.0.1",
          "Xamarin.KotlinX.Coroutines.Core": "1.11.0.1"
        }
      },
      "Xamarin.AndroidX.Lifecycle.ViewModelSavedState": {
        "type": "Transitive",
        "resolved": "2.11.0.1",
        "contentHash": "vjN7bimU3WXfJc12fN5uQV1X2iYbFiB7b46v2i7N4qpCHgnkP/3Ae2fY+7OPEMsLu32N/keO8ZWGX52mGb4ZQw==",
        "dependencies": {
          "Xamarin.AndroidX.Annotation": "1.10.0.1",
          "Xamarin.AndroidX.Collection": "1.6.0.1",
          "Xamarin.AndroidX.Lifecycle.Common": "[2.11.0.1, 2.11.1)",
          "Xamarin.AndroidX.Lifecycle.ViewModel": "[2.11.0.1, 2.11.1)",
          "Xamarin.AndroidX.Lifecycle.ViewModelSavedState.Android": "2.11.0.1",
          "Xamarin.AndroidX.SavedState": "1.5.0.1",
          "Xamarin.Kotlin.StdLib": "2.4.0.1",
          "Xamarin.KotlinX.Coroutines.Core": "1.11.0.1",
          "Xamarin.KotlinX.Serialization.Core": "1.11.0.1"
        }
      },
      "Xamarin.AndroidX.Lifecycle.ViewModelSavedState.Android": {
        "type": "Transitive",
        "resolved": "2.11.0.1",
        "contentHash": "f+dRGHiNQSAYmSFi78uZ57ZqcgaRK5C6vsA7oyGCeM/yi0S29lWRX1wAlEjcaDal+XB7IE+4AT3gh4gK6RmbFg==",
        "dependencies": {
          "Xamarin.AndroidX.Annotation.Jvm": "1.10.0.1",
          "Xamarin.AndroidX.Collection.Jvm": "1.6.0.1",
          "Xamarin.AndroidX.Core.Core.Ktx": "1.19.0.1",
          "Xamarin.AndroidX.Lifecycle.Common.Jvm": "[2.11.0.1, 2.11.1)",
          "Xamarin.AndroidX.Lifecycle.LiveData.Core": "[2.11.0.1, 2.11.1)",
          "Xamarin.AndroidX.Lifecycle.ViewModel.Android": "[2.11.0.1, 2.11.1)",
          "Xamarin.AndroidX.SavedState.SavedState.Android": "1.5.0.1",
          "Xamarin.Kotlin.StdLib": "2.4.0.1",
          "Xamarin.KotlinX.Coroutines.Android": "1.11.0.1",
          "Xamarin.KotlinX.Coroutines.Core": "1.11.0.1",
          "Xamarin.KotlinX.Serialization.Core.Jvm": "1.11.0.1"
        }
      },
      "Xamarin.AndroidX.Loader": {
        "type": "Transitive",
        "resolved": "1.1.0.37",
        "contentHash": "pwovhD7xX+PlXLH9O9aU+oZXmAcjCS51f1JN7DoUoE83DWYK90/mWCSSuYcxdly9gJHCcHGoklIoM01qHv7Z7w==",
        "dependencies": {
          "Xamarin.AndroidX.Annotation": "1.10.0.1",
          "Xamarin.AndroidX.Collection": "1.6.0.1",
          "Xamarin.AndroidX.Core": "1.19.0.1",
          "Xamarin.AndroidX.Lifecycle.LiveData.Core": "2.11.0.1",
          "Xamarin.AndroidX.Lifecycle.ViewModel": "2.11.0.1"
        }
      },
      "Xamarin.AndroidX.Media3.Common": {
        "type": "Transitive",
        "resolved": "1.10.1.1",
        "contentHash": "pItzW1qahCTm0w0M3QZKxSjKARtJqrtsVuTngqlNGCuPMslByu1YmccMZOw+kmvZyvD6napWmsfZm6C75kLNYQ==",
        "dependencies": {
          "Xamarin.AndroidX.Annotation": "1.10.0.1",
          "Xamarin.AndroidX.Annotation.Experimental": "1.6.0.1",
          "Xamarin.Google.Guava": "33.6.0.1"
        }
      },
      "Xamarin.AndroidX.Media3.Container": {
        "type": "Transitive",
        "resolved": "1.10.1.1",
        "contentHash": "xEOwt2EQPedFv8CLWK+5G8XgaOMWwI7UMsJUNtJSBnLCYS5cFc+Ef4x92w/ZBvFAgseMQTkR9Teeby8RbHkz7Q==",
        "dependencies": {
          "Xamarin.AndroidX.Annotation": "1.10.0.1",
          "Xamarin.AndroidX.Media3.Common": "1.10.1.1"
        }
      },
      "Xamarin.AndroidX.Media3.Muxer": {
        "type": "Transitive",
        "resolved": "1.10.1.1",
        "contentHash": "vCR7rq9yi9Duz8h7GY2uukjTMKIIw6UX86LzWa3PS6yDNM4b2gScwdo2uL1R21INjmhDghuYOsCdtI6YryhtmQ==",
        "dependencies": {
          "Xamarin.AndroidX.Annotation": "1.10.0.1",
          "Xamarin.AndroidX.Media3.Common": "1.10.1.1",
          "Xamarin.AndroidX.Media3.Container": "1.10.1.1"
        }
      },
      "Xamarin.AndroidX.NavigationEvent": {
        "type": "Transitive",
        "resolved": "1.1.2.1",
        "contentHash": "BuHoykG9rBTQg8WwXhwRl3NQPkroyksciRyuHVuYiO3gtU+M4MQwKj5JUW228yso8psjJhnhNg/79N2ExRF+og==",
        "dependencies": {
          "Xamarin.AndroidX.Annotation": "1.10.0.1",
          "Xamarin.AndroidX.Collection": "1.6.0.1",
          "Xamarin.AndroidX.Compose.Runtime.Annotation": "1.11.3.1",
          "Xamarin.AndroidX.NavigationEvent.Android": "1.1.2.1",
          "Xamarin.Kotlin.StdLib": "2.4.0.1",
          "Xamarin.KotlinX.AtomicFU": "0.33.0.1",
          "Xamarin.KotlinX.Coroutines.Core": "1.11.0.1"
        }
      },
      "Xamarin.AndroidX.NavigationEvent.Android": {
        "type": "Transitive",
        "resolved": "1.1.2.1",
        "contentHash": "rRcewSbsor2c/RS/kSCGvahu0boa9jvrNjLCOek8WeQJNyjhMqji7YECbv1PqT9jwHUXcx1FB4ULvjJnqVEtxQ==",
        "dependencies": {
          "Xamarin.AndroidX.Annotation.Jvm": "1.10.0.1",
          "Xamarin.AndroidX.Collection.Jvm": "1.6.0.1",
          "Xamarin.AndroidX.Compose.Runtime.Annotation.Android": "1.11.3.1",
          "Xamarin.AndroidX.Core.ViewTree": "1.0.0.6",
          "Xamarin.Kotlin.StdLib": "2.4.0.1",
          "Xamarin.KotlinX.Coroutines.Android": "1.11.0.1",
          "Xamarin.KotlinX.Coroutines.Core": "1.11.0.1"
        }
      },
      "Xamarin.AndroidX.ProfileInstaller.ProfileInstaller": {
        "type": "Transitive",
        "resolved": "1.4.1.8",
        "contentHash": "zBwJUR3ipSDdFs8yQCSHZVRc1Ngz6LRcdojEAF3Fn3YeXYjGEpQIWeGaruZi95bePWwk0L5628y3aqznAKfccQ==",
        "dependencies": {
          "Xamarin.AndroidX.Annotation": "1.10.0.1",
          "Xamarin.AndroidX.Concurrent.Futures": "1.3.0.4",
          "Xamarin.AndroidX.Startup.StartupRuntime": "1.2.0.8",
          "Xamarin.Google.Guava.ListenableFuture": "1.0.0.32"
        }
      },
      "Xamarin.AndroidX.ResourceInspection.Annotation": {
        "type": "Transitive",
        "resolved": "1.0.1.25",
        "contentHash": "0L7m/q7Ea0Q8Dx4nFK3BjtJZtcQfPs1DyziPpt7BXplj6zrf4GqKjHhneWNowr/LJxUZvxO+qx9F3/GU+ELlbA==",
        "dependencies": {
          "Xamarin.AndroidX.Annotation": "1.10.0.1"
        }
      },
      "Xamarin.AndroidX.SavedState": {
        "type": "Transitive",
        "resolved": "1.5.0.1",
        "contentHash": "H9wF2dchEuakH4gj4vnPpjgCcZ/f3WU+g1CCO+abTmYmZs3qUYzE4nekVoqNJHQ6PNYc7kMMo7hzM97nSXmS2Q==",
        "dependencies": {
          "Xamarin.AndroidX.Annotation": "1.10.0.1",
          "Xamarin.AndroidX.Collection": "1.6.0.1",
          "Xamarin.AndroidX.Lifecycle.Common": "2.11.0.1",
          "Xamarin.AndroidX.SavedState.SavedState.Android": "1.5.0.1",
          "Xamarin.Kotlin.StdLib": "2.4.0.1",
          "Xamarin.KotlinX.AtomicFU": "0.33.0.1",
          "Xamarin.KotlinX.Coroutines.Core": "1.11.0.1",
          "Xamarin.KotlinX.Serialization.Core": "1.11.0.1"
        }
      },
      "Xamarin.AndroidX.SavedState.SavedState.Android": {
        "type": "Transitive",
        "resolved": "1.5.0.1",
        "contentHash": "7XfPayLSlP2RRYcpvvEgbQG/t/g5o/RWtAEVE+sO0NBPNJWlQ/zvEzWjH7JeZE+ttRGov78AiwKfeWVX1ptPwQ==",
        "dependencies": {
          "Xamarin.AndroidX.Annotation.Jvm": "1.10.0.1",
          "Xamarin.AndroidX.Collection.Jvm": "1.6.0.1",
          "Xamarin.AndroidX.Core.Core.Ktx": "1.19.0.1",
          "Xamarin.AndroidX.Core.ViewTree": "1.0.0.6",
          "Xamarin.AndroidX.Lifecycle.Common.Jvm": "2.11.0.1",
          "Xamarin.Kotlin.StdLib": "2.4.0.1",
          "Xamarin.KotlinX.Coroutines.Core": "1.11.0.1",
          "Xamarin.KotlinX.Serialization.Core.Jvm": "1.11.0.1"
        }
      },
      "Xamarin.AndroidX.Startup.StartupRuntime": {
        "type": "Transitive",
        "resolved": "1.2.0.8",
        "contentHash": "HKloS4O57Oniv/5VF0fkHh6zEWRwToK7VyW2ajyWZ7+l+bkxUFZy9tHIHS/TCGvDYR6NVM8yA/Mz2x+TrWwPmg==",
        "dependencies": {
          "Xamarin.AndroidX.Annotation": "1.10.0.1",
          "Xamarin.AndroidX.Tracing.Tracing": "1.3.0.4"
        }
      },
      "Xamarin.AndroidX.Tracing.Tracing": {
        "type": "Transitive",
        "resolved": "1.3.0.4",
        "contentHash": "x0Oig3saZ/b2zk0R8Um713vT15I428kKm0jh/cW2t1XDbk/LF9Cnrsbo6/0p8SFPyqQch7JJACbnvsH+xEunZQ==",
        "dependencies": {
          "Xamarin.AndroidX.Tracing.Tracing.Android": "1.3.0.4",
          "Xamarin.Kotlin.StdLib": "2.4.0.1"
        }
      },
      "Xamarin.AndroidX.Tracing.Tracing.Android": {
        "type": "Transitive",
        "resolved": "1.3.0.4",
        "contentHash": "qQNpa9D6q6CgtgGRJGfaEZUVFH+0pzA+58V2z8CYosv6K/mKwJys9InR+0xNmMDshm1IuGhX4mgJ3Lf54D2BQg==",
        "dependencies": {
          "Xamarin.AndroidX.Annotation.Jvm": "1.10.0.1",
          "Xamarin.Kotlin.StdLib": "2.4.0.1"
        }
      },
      "Xamarin.AndroidX.Tracing.Tracing.Ktx": {
        "type": "Transitive",
        "resolved": "1.3.0.4",
        "contentHash": "0+AuutPW7587SKRcJcEZ+ua1gQTrPnCY2ZT0vDLJu9DQBelU0ocwy95KWQnWxqivBbFA9atGanKiSH92HtTBdw==",
        "dependencies": {
          "Xamarin.AndroidX.Tracing.Tracing": "[1.3.0.4, 1.3.1)"
        }
      },
      "Xamarin.AndroidX.VectorDrawable": {
        "type": "Transitive",
        "resolved": "1.2.0.11",
        "contentHash": "281B3dHTUiAyLl3ewj/cHgY0Sm0KAUP4PgLRs2jbeYt+TAvSoIoIM7EXu//bnmG6erY1dIFAfbNKfHQ/yBNp2A==",
        "dependencies": {
          "Xamarin.AndroidX.Annotation": "1.10.0.1",
          "Xamarin.AndroidX.Collection": "1.6.0.1",
          "Xamarin.AndroidX.Core": "1.19.0.1"
        }
      },
      "Xamarin.AndroidX.VectorDrawable.Animated": {
        "type": "Transitive",
        "resolved": "1.2.0.11",
        "contentHash": "6IIN9+ShJm59mc3mEe/s3HmB1EHh3wlfyBoQj7boMbmdK0e/kcLxvcVtLFH1WfkmhyYeWwGZY3mLTryVF8mWoQ==",
        "dependencies": {
          "Xamarin.AndroidX.Annotation": "1.10.0.1",
          "Xamarin.AndroidX.Collection": "1.6.0.1",
          "Xamarin.AndroidX.Core": "1.19.0.1",
          "Xamarin.AndroidX.Interpolator": "1.0.0.37",
          "Xamarin.AndroidX.VectorDrawable": "1.2.0.11"
        }
      },
      "Xamarin.AndroidX.VersionedParcelable": {
        "type": "Transitive",
        "resolved": "1.2.1.6",
        "contentHash": "RxZnmS3nBqOGHUUegHWBqAU4qlApR8s1nhCZ4CnCJBwvfXJQ1Y9aschXn2fXrYgV86xtwRR31+TN5KufIIvINw==",
        "dependencies": {
          "Xamarin.AndroidX.Annotation": "1.10.0.1",
          "Xamarin.AndroidX.Collection": "1.6.0.1",
          "Xamarin.JSpecify": "1.0.0.7"
        }
      },
      "Xamarin.AndroidX.ViewPager": {
        "type": "Transitive",
        "resolved": "1.1.0.7",
        "contentHash": "O8iQpk7iyF9yIdctfT1RMq2m2paOoJ6oDhkK6EC02iQuCrv09dv7n7suS0N1a9XEL+UNzQd3ul/lCXHmsIB3QA==",
        "dependencies": {
          "Xamarin.AndroidX.Annotation": "1.10.0.1",
          "Xamarin.AndroidX.Core": "1.19.0.1",
          "Xamarin.AndroidX.CustomView": "1.2.0.4"
        }
      },
      "Xamarin.Google.AutoValue.Annotations": {
        "type": "Transitive",
        "resolved": "1.11.1.3",
        "contentHash": "ui+vpFgDdk/Xt8Mv52yoJdHOPRZGgtSH8W08K/f3k+6v5mIULpGdAqL/RzTBBrmiyXF+aF5vDjmFEIfFnS0OnQ=="
      },
      "Xamarin.Google.Dagger": {
        "type": "Transitive",
        "resolved": "2.59.2.2",
        "contentHash": "rGBiuu2Ar75CiyAWq3Q24AS9yvA7Eu5Q6TV4bQM0/iGLKNpwHHRP4V41Gqd9tXIIo7UWeetrCIxXfCh6ibYd8A==",
        "dependencies": {
          "Xamarin.JSpecify": "1.0.0.7",
          "Xamarin.Jakarta.Inject.InjectApi": "2.0.1.10",
          "Xamarin.JavaX.Inject": "1.0.0.24"
        }
      },
      "Xamarin.Google.ErrorProne.Annotations": {
        "type": "Transitive",
        "resolved": "2.50.0.1",
        "contentHash": "ip4SsCz/U2n/nJVL4Hk6BVzNWdWeQkyyLyo6zm3vWrCeAq/U4tIdNnR7i355pTZMzFeDwcITsTvStf0JQhpBxQ=="
      },
      "Xamarin.Google.Guava": {
        "type": "Transitive",
        "resolved": "33.6.0.1",
        "contentHash": "cce1rIPHHod/83hpHkMFJ8ZNQEC/lpd0tco7rwpMaseqLkhoPbBnWJCpNRLAsuNawqSjeQmzgGg9wDp4ZJuMQQ==",
        "dependencies": {
          "Xamarin.Google.ErrorProne.Annotations": "2.50.0.1",
          "Xamarin.Google.Guava.FailureAccess": "1.0.3.6",
          "Xamarin.Google.Guava.ListenableFuture": "9999.0.0",
          "Xamarin.Google.J2Objc.Annotations": "3.1.0.3",
          "Xamarin.JSpecify": "1.0.0.7"
        }
      },
      "Xamarin.Google.Guava.FailureAccess": {
        "type": "Transitive",
        "resolved": "1.0.3.6",
        "contentHash": "aTTpKitg0MMphAg5ujSkz6FhULSYsEID2yFJEJ8+c1FKHy+Yo/y5TY2Ndde8+EZ+40R0wpe10EXooI9W3gNaIw=="
      },
      "Xamarin.Google.Guava.ListenableFuture": {
        "type": "Transitive",
        "resolved": "9999.0.0",
        "contentHash": "TFcYM0FvRuHrpgyiCQp/uSWSLVRiN8w9vZ9FclPMUvyFOkaRZ+xItV0CAVw0QCpwARvDeQaEV6Egujru11Hgcg=="
      },
      "Xamarin.Google.J2Objc.Annotations": {
        "type": "Transitive",
        "resolved": "3.1.0.3",
        "contentHash": "ZAtSx4HAb1t3L4fBmqnyDxgIeRHuaJerR/wI/XPAuF6clQLbUxox9dIhc0BQ134XBoF70C0hE2LJlPtrMvfyig=="
      },
      "Xamarin.Jakarta.Inject.InjectApi": {
        "type": "Transitive",
        "resolved": "2.0.1.10",
        "contentHash": "b20+lI+aZowg8RdaOjFQAwttMFTGLtVcezZ6pHoUXdAtfxUWVse4pN0KllOaVEgNgWGq3BvY4tfXILyUclpLaA=="
      },
      "Xamarin.JavaX.Inject": {
        "type": "Transitive",
        "resolved": "1.0.0.24",
        "contentHash": "3zYLFaF3dKqgfsRw2GMm8max7ZJzIGVmHeXVCTG59TlcHqOtQPJ+n4GqJ5bNeshM0VAKwFacsxOU6BejSzKIUw=="
      },
      "Xamarin.Jetbrains.Annotations": {
        "type": "Transitive",
        "resolved": "26.1.0.2",
        "contentHash": "mwKW1QGbVFT649s9fJ/tTX1kkekI8Mt+n4sWS4kP39J78FjaatbNFu7bdyzxHYMbBB61S4cU6XRuaGAw2mhQCQ=="
      },
      "Xamarin.JSpecify": {
        "type": "Transitive",
        "resolved": "1.0.0.7",
        "contentHash": "pX+mTpwy0SkHGBxi3YPvQb0xLdl31GZD/VH+ebwXr97d5j7a+DGEyLWRqzC+hgZNK+bCOnlYlnUYYLD4TfSXSA=="
      },
      "Xamarin.Kotlin.StdLib": {
        "type": "Transitive",
        "resolved": "2.4.0.1",
        "contentHash": "ZGskPNF6lIQWzkwfhoRLuf9isUSOmjfTZVOVXXfDP/vL/xLNC4H4h/NC63AcNoscOAReRic0po3VZsqfvLsgZQ==",
        "dependencies": {
          "Xamarin.Jetbrains.Annotations": "26.1.0.2"
        }
      },
      "Xamarin.KotlinX.AtomicFU": {
        "type": "Transitive",
        "resolved": "0.33.0.1",
        "contentHash": "9khTuFz9CvgZJc6pzKXNlmtTZF9zun1TCRHIlWpHddqmLoFjiN2Xy/Qfwj8+KK8EJZEBLPETOu0XsagKlm//SQ==",
        "dependencies": {
          "Xamarin.KotlinX.AtomicFU.Jvm": "0.33.0.1"
        }
      },
      "Xamarin.KotlinX.AtomicFU.Jvm": {
        "type": "Transitive",
        "resolved": "0.33.0.1",
        "contentHash": "4HAO14g7RTJm+WsahmXwzZBhBAEixKZuyiE+oxdQKAHCOfZzbh5uQphkcbp6YPpV3YVw/oOxE+vgL3Hn4ZPNUA==",
        "dependencies": {
          "Xamarin.Kotlin.StdLib": "2.4.0.1"
        }
      },
      "Xamarin.KotlinX.Coroutines.Android": {
        "type": "Transitive",
        "resolved": "1.11.0.1",
        "contentHash": "C+N1XS1s7bOD6ydON8DYjucwIsH/y1+zVRNQdwSqAG/6NEQPeTTxww2PpMnnIft9zxrpuCRBmnbb58BvL6j7+g==",
        "dependencies": {
          "Xamarin.Kotlin.StdLib": "2.4.0.1",
          "Xamarin.KotlinX.Coroutines.Core.Jvm": "1.11.0.1"
        }
      },
      "Xamarin.KotlinX.Coroutines.Core": {
        "type": "Transitive",
        "resolved": "1.11.0.1",
        "contentHash": "7zMBcmtyOqguwRLVZ8q6/GkWQ5RMu26W+me5KUJZU2yamHjdTfrOHIrnd0zmx3+3wwgohEmzjFfwwyJf3QOSwg==",
        "dependencies": {
          "Xamarin.KotlinX.Coroutines.Core.Jvm": "1.11.0.1"
        }
      },
      "Xamarin.KotlinX.Coroutines.Core.Jvm": {
        "type": "Transitive",
        "resolved": "1.11.0.1",
        "contentHash": "PfimvxVnQSf3E6eXnWIw3ZW60cSDCNAFNnouf0Bw19/GoHUFnDRIjUrOccnX5TR+V7rvfGP2c3nblijKyPxM+w==",
        "dependencies": {
          "Xamarin.Jetbrains.Annotations": "26.1.0.2",
          "Xamarin.Kotlin.StdLib": "2.4.0.1"
        }
      },
      "Xamarin.KotlinX.Serialization.Core": {
        "type": "Transitive",
        "resolved": "1.11.0.1",
        "contentHash": "Isdm4DA4BNRzQr+bX9p31taWWrf0pG0icOpq7kIeXb6qOR96kI6wi1nOlYt46mFtTpbJ2UyY5hkhJC+C+NknwA==",
        "dependencies": {
          "Xamarin.KotlinX.Serialization.Core.Jvm": "1.11.0.1"
        }
      },
      "Xamarin.KotlinX.Serialization.Core.Jvm": {
        "type": "Transitive",
        "resolved": "1.11.0.1",
        "contentHash": "UKb1C/+LxDhbLU2uQlR/4hEnbMbVir02j6jZE78H2TfP24E7NzXhIlCniFw6qp1nrSRCI4ZSs0dpxHvTANNoZQ==",
        "dependencies": {
          "Xamarin.Kotlin.StdLib": "2.4.0.1"
        }
      },
      "devemobilelpr.core": {
        "type": "Project"
      },
      "devemobilelpr.inference": {
        "type": "Project",
        "dependencies": {
          "DeveMobileLPR.Core": "[1.0.0, )",
          "Microsoft.ML.OnnxRuntime": "[1.24.4, )"
        }
      },
      "devemobilelpr.storage": {
        "type": "Project",
        "dependencies": {
          "DeveMobileLPR.Core": "[1.0.0, )",
          "Microsoft.Data.Sqlite": "[10.0.10, )",
          "SQLitePCLRaw.bundle_e_sqlite3": "[3.0.4, )"
        }
      },
      "Microsoft.Data.Sqlite": {
        "type": "CentralTransitive",
        "requested": "[10.0.10, )",
        "resolved": "10.0.10",
        "contentHash": "58JwZ39lCvRXHfV5O6RQfbHEDu8ZsXI7weRoVRR4jrGRxxkS+qyeuGrN2xD+9VYEICApYr0iTSL6PuU+DdsvPg==",
        "dependencies": {
          "Microsoft.Data.Sqlite.Core": "10.0.10",
          "SQLitePCLRaw.bundle_e_sqlite3": "2.1.11",
          "SQLitePCLRaw.core": "2.1.11"
        }
      },
      "Microsoft.ML.OnnxRuntime": {
        "type": "CentralTransitive",
        "requested": "[1.24.4, )",
        "resolved": "1.24.4",
        "contentHash": "895huFBVrZkZEGjlsxBSZD3p6D32Cdz6q8DM9UcUps2YKFYdFR8TefaTggFBUTYlvcSyfNTpmOOU/ZkeL69izw==",
        "dependencies": {
          "Microsoft.ML.OnnxRuntime.Managed": "1.24.4"
        }
      },
      "SQLitePCLRaw.bundle_e_sqlite3": {
        "type": "CentralTransitive",
        "requested": "[3.0.4, )",
        "resolved": "3.0.4",
        "contentHash": "gg8vENKV/o0pWLI0eJxnTA4X9e63rOvzkCDMAOePDGLieNSHPCGUiJ4CQDqDyNqIf6IPVzD4TOjqY5ACygZkkA==",
        "dependencies": {
          "SQLitePCLRaw.config.e_sqlite3": "3.0.4",
          "SourceGear.sqlite3": "3.53.3"
        }
      }
    },
    "net10.0-android36.0/android-arm64": {
      "SourceGear.sqlite3": {
        "type": "Transitive",
        "resolved": "3.53.3",
        "contentHash": "PaDT7JwQ00HmXZT1xSGSC0c24A5lVpJYHMrXBuJATdpB2t0nf4Kq9HyPaZhxVW0elPq4XI1s5BLh7qLuObmzFA=="
      },
      "Microsoft.ML.OnnxRuntime": {
        "type": "CentralTransitive",
        "requested": "[1.24.4, )",
        "resolved": "1.24.4",
        "contentHash": "895huFBVrZkZEGjlsxBSZD3p6D32Cdz6q8DM9UcUps2YKFYdFR8TefaTggFBUTYlvcSyfNTpmOOU/ZkeL69izw==",
        "dependencies": {
          "Microsoft.ML.OnnxRuntime.Managed": "1.24.4"
        }
      }
    },
    "net10.0-android36.0/android-x64": {
      "SourceGear.sqlite3": {
        "type": "Transitive",
        "resolved": "3.53.3",
        "contentHash": "PaDT7JwQ00HmXZT1xSGSC0c24A5lVpJYHMrXBuJATdpB2t0nf4Kq9HyPaZhxVW0elPq4XI1s5BLh7qLuObmzFA=="
      },
      "Microsoft.ML.OnnxRuntime": {
        "type": "CentralTransitive",
        "requested": "[1.24.4, )",
        "resolved": "1.24.4",
        "contentHash": "895huFBVrZkZEGjlsxBSZD3p6D32Cdz6q8DM9UcUps2YKFYdFR8TefaTggFBUTYlvcSyfNTpmOOU/ZkeL69izw==",
        "dependencies": {
          "Microsoft.ML.OnnxRuntime.Managed": "1.24.4"
        }
      }
    }
  }
}